
Microsoft Visual Studio Solution File, Format Version 12.00
# Visual Studio Version 17
VisualStudioVersion = 17.0.31903.59
MinimumVisualStudioVersion = 10.0.40219.1
Project("{2150E333-8FDC-42A3-9474-1A3956D46DE8}") = "src", "src", "{827E0CD3-B72D-47B6-A68D-7590B98EB39B}"
EndProject
Project("{FAE04EC0-301F-11D3-BF4B-00C04F79EFBC}") = "ICS.Core", "src\ICS.Core\ICS.Core.csproj", "{520A3907-9F8E-4C80-9F55-B41AEAB9D06A}"
EndProject
Project("{FAE04EC0-301F-11D3-BF4B-00C04F79EFBC}") = "ICS.Modules.Analytics", "src\ICS.Modules.Analytics\ICS.Modules.Analytics.csproj", "{3C95F01C-B027-497C-BB12-5FF635FA2961}"
EndProject
Project("{FAE04EC0-301F-11D3-BF4B-00C04F79EFBC}") = "ICS.Modules.Request", "src\ICS.Modules.Request\ICS.Modules.Request.csproj", "{9C3F9A79-E0D6-407F-8349-4FB0C9674960}"
EndProject
Project("{FAE04EC0-301F-11D3-BF4B-00C04F79EFBC}") = "ICS.Modules.Organization", "src\ICS.Modules.Organization\ICS.Modules.Organization.csproj", "{729C1743-216A-424E-96DB-F44F067D805E}"
EndProject
Project("{FAE04EC0-301F-11D3-BF4B-00C04F79EFBC}") = "ICS.Modules.Customer", "src\ICS.Modules.Customer\ICS.Modules.Customer.csproj", "{B26232E5-CB4B-424A-801E-80408218E06E}"
EndProject
Project("{FAE04EC0-301F-11D3-BF4B-00C04F79EFBC}") = "ICS.Modules.Product", "src\ICS.Modules.Product\ICS.Modules.Product.csproj", "{48E02BFE-6172-4746-A5EC-B30F908D1F8A}"
EndProject
Project("{FAE04EC0-301F-11D3-BF4B-00C04F79EFBC}") = "ICS.Modules.Identity", "src\ICS.Modules.Identity\ICS.Modules.Identity.csproj", "{10CD8B8C-FEF4-43DD-BA1E-121774C46C4C}"
EndProject
Project("{FAE04EC0-301F-11D3-BF4B-00C04F79EFBC}") = "ICS.Modules.Post", "src\ICS.Modules.Post\ICS.Modules.Post.csproj", "{DE2D81BA-B305-469A-9D63-6FE7EF99C089}"
EndProject
Project("{FAE04EC0-301F-11D3-BF4B-00C04F79EFBC}") = "ICS.Modules.WorkPackage", "src\ICS.Modules.WorkPackage\ICS.Modules.WorkPackage.csproj", "{6508FC79-4F08-4930-A963-9A0B199D64DC}"
EndProject
Project("{FAE04EC0-301F-11D3-BF4B-00C04F79EFBC}") = "ICS.Web", "src\ICS.Web\ICS.Web.csproj", "{EE2C8A7B-E359-4F4A-9070-66D17620153F}"
EndProject
Project("{2150E333-8FDC-42A3-9474-1A3956D46DE8}") = "tests", "tests", "{0AB3BF05-4346-4AA6-1389-037BE0695223}"
EndProject
Project("{FAE04EC0-301F-11D3-BF4B-00C04F79EFBC}") = "ICS.Tests.Unit", "tests\ICS.Tests.Unit\ICS.Tests.Unit.csproj", "{2D1190F0-24F7-4BDB-ACA6-1E44B2100195}"
EndProject
Project("{FAE04EC0-301F-11D3-BF4B-00C04F79EFBC}") = "ICS.Tests.Integration", "tests\ICS.Tests.Integration\ICS.Tests.Integration.csproj", "{FA407A1E-1820-4D2F-BE0E-6CE802A9AA30}"
EndProject
Global
	GlobalSection(SolutionConfigurationPlatforms) = preSolution
		Debug|Any CPU = Debug|Any CPU
		Debug|x64 = Debug|x64
		Debug|x86 = Debug|x86
		Release|Any CPU = Release|Any CPU
		Release|x64 = Release|x64
		Release|x86 = Release|x86
	EndGlobalSection
	GlobalSection(ProjectConfigurationPlatforms) = postSolution
		{520A3907-9F8E-4C80-9F55-B41AEAB9D06A}.Debug|Any CPU.ActiveCfg = Debug|Any CPU
		{520A3907-9F8E-4C80-9F55-B41AEAB9D06A}.Debug|Any CPU.Build.0 = Debug|Any CPU
		{520A3907-9F8E-4C80-9F55-B41AEAB9D06A}.Debug|x64.ActiveCfg = Debug|Any CPU
		{520A3907-9F8E-4C80-9F55-B41AEAB9D06A}.Debug|x64.Build.0 = Debug|Any CPU
		{520A3907-9F8E-4C80-9F55-B41AEAB9D06A}.Debug|x86.ActiveCfg = Debug|Any CPU
		{520A3907-9F8E-4C80-9F55-B41AEAB9D06A}.Debug|x86.Build.0 = Debug|Any CPU
		{520A3907-9F8E-4C80-9F55-B41AEAB9D06A}.Release|Any CPU.ActiveCfg = Release|Any CPU
		{520A3907-9F8E-4C80-9F55-B41AEAB9D06A}.Release|Any CPU.Build.0 = Release|Any CPU
		{520A3907-9F8E-4C80-9F55-B41AEAB9D06A}.Release|x64.ActiveCfg = Release|Any CPU
		{520A3907-9F8E-4C80-9F55-B41AEAB9D06A}.Release|x64.Build.0 = Release|Any CPU
		{520A3907-9F8E-4C80-9F55-B41AEAB9D06A}.Release|x86.ActiveCfg = Release|Any CPU
		{520A3907-9F8E-4C80-9F55-B41AEAB9D06A}.Release|x86.Build.0 = Release|Any CPU
		{3C95F01C-B027-497C-BB12-5FF635FA2961}.Debug|Any CPU.ActiveCfg = Debug|Any CPU
		{3C95F01C-B027-497C-BB12-5FF635FA2961}.Debug|Any CPU.Build.0 = Debug|Any CPU
		{3C95F01C-B027-497C-BB12-5FF635FA2961}.Debug|x64.ActiveCfg = Debug|Any CPU
		{3C95F01C-B027-497C-BB12-5FF635FA2961}.Debug|x64.Build.0 = Debug|Any CPU
		{3C95F01C-B027-497C-BB12-5FF635FA2961}.Debug|x86.ActiveCfg = Debug|Any CPU
		{3C95F01C-B027-497C-BB12-5FF635FA2961}.Debug|x86.Build.0 = Debug|Any CPU
		{3C95F01C-B027-497C-BB12-5FF635FA2961}.Release|Any CPU.ActiveCfg = Release|Any CPU
		{3C95F01C-B027-497C-BB12-5FF635FA2961}.Release|Any CPU.Build.0 = Release|Any CPU
		{3C95F01C-B027-497C-BB12-5FF635FA2961}.Release|x64.ActiveCfg = Release|Any CPU
		{3C95F01C-B027-497C-BB12-5FF635FA2961}.Release|x64.Build.0 = Release|Any CPU
		{3C95F01C-B027-497C-BB12-5FF635FA2961}.Release|x86.ActiveCfg = Release|Any CPU
		{3C95F01C-B027-497C-BB12-5FF635FA2961}.Release|x86.Build.0 = Release|Any CPU
		{9C3F9A79-E0D6-407F-8349-4FB0C9674960}.Debug|Any CPU.ActiveCfg = Debug|Any CPU
		{9C3F9A79-E0D6-407F-8349-4FB0C9674960}.Debug|Any CPU.Build.0 = Debug|Any CPU
		{9C3F9A79-E0D6-407F-8349-4FB0C9674960}.Debug|x64.ActiveCfg = Debug|Any CPU
		{9C3F9A79-E0D6-407F-8349-4FB0C9674960}.Debug|x64.Build.0 = Debug|Any CPU
		{9C3F9A79-E0D6-407F-8349-4FB0C9674960}.Debug|x86.ActiveCfg = Debug|Any CPU
		{9C3F9A79-E0D6-407F-8349-4FB0C9674960}.Debug|x86.Build.0 = Debug|Any CPU
		{9C3F9A79-E0D6-407F-8349-4FB0C9674960}.Release|Any CPU.ActiveCfg = Release|Any CPU
		{9C3F9A79-E0D6-407F-8349-4FB0C9674960}.Release|Any CPU.Build.0 = Release|Any CPU
		{9C3F9A79-E0D6-407F-8349-4FB0C9674960}.Release|x64.ActiveCfg = Release|Any CPU
		{9C3F9A79-E0D6-407F-8349-4FB0C9674960}.Release|x64.Build.0 = Release|Any CPU
		{9C3F9A79-E0D6-407F-8349-4FB0C9674960}.Release|x86.ActiveCfg = Release|Any CPU
		{9C3F9A79-E0D6-407F-8349-4FB0C9674960}.Release|x86.Build.0 = Release|Any CPU
		{729C1743-216A-424E-96DB-F44F067D805E}.Debug|Any CPU.ActiveCfg = Debug|Any CPU
		{729C1743-216A-424E-96DB-F44F067D805E}.Debug|Any CPU.Build.0 = Debug|Any CPU
		{729C1743-216A-424E-96DB-F44F067D805E}.Debug|x64.ActiveCfg = Debug|Any CPU
		{729C1743-216A-424E-96DB-F44F067D805E}.Debug|x64.Build.0 = Debug|Any CPU
		{729C1743-216A-424E-96DB-F44F067D805E}.Debug|x86.ActiveCfg = Debug|Any CPU
		{729C1743-216A-424E-96DB-F44F067D805E}.Debug|x86.Build.0 = Debug|Any CPU
		{729C1743-216A-424E-96DB-F44F067D805E}.Release|Any CPU.ActiveCfg = Release|Any CPU
		{729C1743-216A-424E-96DB-F44F067D805E}.Release|Any CPU.Build.0 = Release|Any CPU
		{729C1743-216A-424E-96DB-F44F067D805E}.Release|x64.ActiveCfg = Release|Any CPU
		{729C1743-216A-424E-96DB-F44F067D805E}.Release|x64.Build.0 = Release|Any CPU
		{729C1743-216A-424E-96DB-F44F067D805E}.Release|x86.ActiveCfg = Release|Any CPU
		{729C1743-216A-424E-96DB-F44F067D805E}.Release|x86.Build.0 = Release|Any CPU
		{B26232E5-CB4B-424A-801E-80408218E06E}.Debug|Any CPU.ActiveCfg = Debug|Any CPU
		{B26232E5-CB4B-424A-801E-80408218E06E}.Debug|Any CPU.Build.0 = Debug|Any CPU
		{B26232E5-CB4B-424A-801E-80408218E06E}.Debug|x64.ActiveCfg = Debug|Any CPU
		{B26232E5-CB4B-424A-801E-80408218E06E}.Debug|x64.Build.0 = Debug|Any CPU
		{B26232E5-CB4B-424A-801E-80408218E06E}.Debug|x86.ActiveCfg = Debug|Any CPU
		{B26232E5-CB4B-424A-801E-80408218E06E}.Debug|x86.Build.0 = Debug|Any CPU
		{B26232E5-CB4B-424A-801E-80408218E06E}.Release|Any CPU.ActiveCfg = Release|Any CPU
		{B26232E5-CB4B-424A-801E-80408218E06E}.Release|Any CPU.Build.0 = Release|Any CPU
		{B26232E5-CB4B-424A-801E-80408218E06E}.Release|x64.ActiveCfg = Release|Any CPU
		{B26232E5-CB4B-424A-801E-80408218E06E}.Release|x64.Build.0 = Release|Any CPU
		{B26232E5-CB4B-424A-801E-80408218E06E}.Release|x86.ActiveCfg = Release|Any CPU
		{B26232E5-CB4B-424A-801E-80408218E06E}.Release|x86.Build.0 = Release|Any CPU
		{48E02BFE-6172-4746-A5EC-B30F908D1F8A}.Debug|Any CPU.ActiveCfg = Debug|Any CPU
		{48E02BFE-6172-4746-A5EC-B30F908D1F8A}.Debug|Any CPU.Build.0 = Debug|Any CPU
		{48E02BFE-6172-4746-A5EC-B30F908D1F8A}.Debug|x64.ActiveCfg = Debug|Any CPU
		{48E02BFE-6172-4746-A5EC-B30F908D1F8A}.Debug|x64.Build.0 = Debug|Any CPU
		{48E02BFE-6172-4746-A5EC-B30F908D1F8A}.Debug|x86.ActiveCfg = Debug|Any CPU
		{48E02BFE-6172-4746-A5EC-B30F908D1F8A}.Debug|x86.Build.0 = Debug|Any CPU
		{48E02BFE-6172-4746-A5EC-B30F908D1F8A}.Release|Any CPU.ActiveCfg = Release|Any CPU
		{48E02BFE-6172-4746-A5EC-B30F908D1F8A}.Release|Any CPU.Build.0 = Release|Any CPU
		{48E02BFE-6172-4746-A5EC-B30F908D1F8A}.Release|x64.ActiveCfg = Release|Any CPU
		{48E02BFE-6172-4746-A5EC-B30F908D1F8A}.Release|x64.Build.0 = Release|Any CPU
		{48E02BFE-6172-4746-A5EC-B30F908D1F8A}.Release|x86.ActiveCfg = Release|Any CPU
		{48E02BFE-6172-4746-A5EC-B30F908D1F8A}.Release|x86.Build.0 = Release|Any CPU
		{10CD8B8C-FEF4-43DD-BA1E-121774C46C4C}.Debug|Any CPU.ActiveCfg = Debug|Any CPU
		{10CD8B8C-FEF4-43DD-BA1E-121774C46C4C}.Debug|Any CPU.Build.0 = Debug|Any CPU
		{10CD8B8C-FEF4-43DD-BA1E-121774C46C4C}.Debug|x64.ActiveCfg = Debug|Any CPU
		{10CD8B8C-FEF4-43DD-BA1E-121774C46C4C}.Debug|x64.Build.0 = Debug|Any CPU
		{10CD8B8C-FEF4-43DD-BA1E-121774C46C4C}.Debug|x86.ActiveCfg = Debug|Any CPU
		{10CD8B8C-FEF4-43DD-BA1E-121774C46C4C}.Debug|x86.Build.0 = Debug|Any CPU
		{10CD8B8C-FEF4-43DD-BA1E-121774C46C4C}.Release|Any CPU.ActiveCfg = Release|Any CPU
		{10CD8B8C-FEF4-43DD-BA1E-121774C46C4C}.Release|Any CPU.Build.0 = Release|Any CPU
		{10CD8B8C-FEF4-43DD-BA1E-121774C46C4C}.Release|x64.ActiveCfg = Release|Any CPU
		{10CD8B8C-FEF4-43DD-BA1E-121774C46C4C}.Release|x64.Build.0 = Release|Any CPU
		{10CD8B8C-FEF4-43DD-BA1E-121774C46C4C}.Release|x86.ActiveCfg = Release|Any CPU
		{10CD8B8C-FEF4-43DD-BA1E-121774C46C4C}.Release|x86.Build.0 = Release|Any CPU
		{DE2D81BA-B305-469A-9D63-6FE7EF99C089}.Debug|Any CPU.ActiveCfg = Debug|Any CPU
		{DE2D81BA-B305-469A-9D63-6FE7EF99C089}.Debug|Any CPU.Build.0 = Debug|Any CPU
		{DE2D81BA-B305-469A-9D63-6FE7EF99C089}.Debug|x64.ActiveCfg = Debug|Any CPU
		{DE2D81BA-B305-469A-9D63-6FE7EF99C089}.Debug|x64.Build.0 = Debug|Any CPU
		{DE2D81BA-B305-469A-9D63-6FE7EF99C089}.Debug|x86.ActiveCfg = Debug|Any CPU
		{DE2D81BA-B305-469A-9D63-6FE7EF99C089}.Debug|x86.Build.0 = Debug|Any CPU
		{DE2D81BA-B305-469A-9D63-6FE7EF99C089}.Release|Any CPU.ActiveCfg = Release|Any CPU
		{DE2D81BA-B305-469A-9D63-6FE7EF99C089}.Release|Any CPU.Build.0 = Release|Any CPU
		{DE2D81BA-B305-469A-9D63-6FE7EF99C089}.Release|x64.ActiveCfg = Release|Any CPU
		{DE2D81BA-B305-469A-9D63-6FE7EF99C089}.Release|x64.Build.0 = Release|Any CPU
		{DE2D81BA-B305-469A-9D63-6FE7EF99C089}.Release|x86.ActiveCfg = Release|Any CPU
		{DE2D81BA-B305-469A-9D63-6FE7EF99C089}.Release|x86.Build.0 = Release|Any CPU
		{6508FC79-4F08-4930-A963-9A0B199D64DC}.Debug|Any CPU.ActiveCfg = Debug|Any CPU
		{6508FC79-4F08-4930-A963-9A0B199D64DC}.Debug|Any CPU.Build.0 = Debug|Any CPU
		{6508FC79-4F08-4930-A963-9A0B199D64DC}.Debug|x64.ActiveCfg = Debug|Any CPU
		{6508FC79-4F08-4930-A963-9A0B199D64DC}.Debug|x64.Build.0 = Debug|Any CPU
		{6508FC79-4F08-4930-A963-9A0B199D64DC}.Debug|x86.ActiveCfg = Debug|Any CPU
		{6508FC79-4F08-4930-A963-9A0B199D64DC}.Debug|x86.Build.0 = Debug|Any CPU
		{6508FC79-4F08-4930-A963-9A0B199D64DC}.Release|Any CPU.ActiveCfg = Release|Any CPU
		{6508FC79-4F08-4930-A963-9A0B199D64DC}.Release|Any CPU.Build.0 = Release|Any CPU
		{6508FC79-4F08-4930-A963-9A0B199D64DC}.Release|x64.ActiveCfg = Release|Any CPU
		{6508FC79-4F08-4930-A963-9A0B199D64DC}.Release|x64.Build.0 = Release|Any CPU
		{6508FC79-4F08-4930-A963-9A0B199D64DC}.Release|x86.ActiveCfg = Release|Any CPU
		{6508FC79-4F08-4930-A963-9A0B199D64DC}.Release|x86.Build.0 = Release|Any CPU
		{EE2C8A7B-E359-4F4A-9070-66D17620153F}.Debug|Any CPU.ActiveCfg = Debug|Any CPU
		{EE2C8A7B-E359-4F4A-9070-66D17620153F}.Debug|Any CPU.Build.0 = Debug|Any CPU
		{EE2C8A7B-E359-4F4A-9070-66D17620153F}.Debug|x64.ActiveCfg = Debug|Any CPU
		{EE2C8A7B-E359-4F4A-9070-66D17620153F}.Debug|x64.Build.0 = Debug|Any CPU
		{EE2C8A7B-E359-4F4A-9070-66D17620153F}.Debug|x86.ActiveCfg = Debug|Any CPU
		{EE2C8A7B-E359-4F4A-9070-66D17620153F}.Debug|x86.Build.0 = Debug|Any CPU
		{EE2C8A7B-E359-4F4A-9070-66D17620153F}.Release|Any CPU.ActiveCfg = Release|Any CPU
		{EE2C8A7B-E359-4F4A-9070-66D17620153F}.Release|Any CPU.Build.0 = Release|Any CPU
		{EE2C8A7B-E359-4F4A-9070-66D17620153F}.Release|x64.ActiveCfg = Release|Any CPU
		{EE2C8A7B-E359-4F4A-9070-66D17620153F}.Release|x64.Build.0 = Release|Any CPU
		{EE2C8A7B-E359-4F4A-9070-66D17620153F}.Release|x86.ActiveCfg = Release|Any CPU
		{EE2C8A7B-E359-4F4A-9070-66D17620153F}.Release|x86.Build.0 = Release|Any CPU
		{2D1190F0-24F7-4BDB-ACA6-1E44B2100195}.Debug|Any CPU.ActiveCfg = Debug|Any CPU
		{2D1190F0-24F7-4BDB-ACA6-1E44B2100195}.Debug|Any CPU.Build.0 = Debug|Any CPU
		{2D1190F0-24F7-4BDB-ACA6-1E44B2100195}.Debug|x64.ActiveCfg = Debug|Any CPU
		{2D1190F0-24F7-4BDB-ACA6-1E44B2100195}.Debug|x64.Build.0 = Debug|Any CPU
		{2D1190F0-24F7-4BDB-ACA6-1E44B2100195}.Debug|x86.ActiveCfg = Debug|Any CPU
		{2D1190F0-24F7-4BDB-ACA6-1E44B2100195}.Debug|x86.Build.0 = Debug|Any CPU
		{2D1190F0-24F7-4BDB-ACA6-1E44B2100195}.Release|Any CPU.ActiveCfg = Release|Any CPU
		{2D1190F0-24F7-4BDB-ACA6-1E44B2100195}.Release|Any CPU.Build.0 = Release|Any CPU
		{2D1190F0-24F7-4BDB-ACA6-1E44B2100195}.Release|x64.ActiveCfg = Release|Any CPU
		{2D1190F0-24F7-4BDB-ACA6-1E44B2100195}.Release|x64.Build.0 = Release|Any CPU
		{2D1190F0-24F7-4BDB-ACA6-1E44B2100195}.Release|x86.ActiveCfg = Release|Any CPU
		{2D1190F0-24F7-4BDB-ACA6-1E44B2100195}.Release|x86.Build.0 = Release|Any CPU
		{FA407A1E-1820-4D2F-BE0E-6CE802A9AA30}.Debug|Any CPU.ActiveCfg = Debug|Any CPU
		{FA407A1E-1820-4D2F-BE0E-6CE802A9AA30}.Debug|Any CPU.Build.0 = Debug|Any CPU
		{FA407A1E-1820-4D2F-BE0E-6CE802A9AA30}.Debug|x64.ActiveCfg = Debug|Any CPU
		{FA407A1E-1820-4D2F-BE0E-6CE802A9AA30}.Debug|x64.Build.0 = Debug|Any CPU
		{FA407A1E-1820-4D2F-BE0E-6CE802A9AA30}.Debug|x86.ActiveCfg = Debug|Any CPU
		{FA407A1E-1820-4D2F-BE0E-6CE802A9AA30}.Debug|x86.Build.0 = Debug|Any CPU
		{FA407A1E-1820-4D2F-BE0E-6CE802A9AA30}.Release|Any CPU.ActiveCfg = Release|Any CPU
		{FA407A1E-1820-4D2F-BE0E-6CE802A9AA30}.Release|Any CPU.Build.0 = Release|Any CPU
		{FA407A1E-1820-4D2F-BE0E-6CE802A9AA30}.Release|x64.ActiveCfg = Release|Any CPU
		{FA407A1E-1820-4D2F-BE0E-6CE802A9AA30}.Release|x64.Build.0 = Release|Any CPU
		{FA407A1E-1820-4D2F-BE0E-6CE802A9AA30}.Release|x86.ActiveCfg = Release|Any CPU
		{FA407A1E-1820-4D2F-BE0E-6CE802A9AA30}.Release|x86.Build.0 = Release|Any CPU
	EndGlobalSection
	GlobalSection(SolutionProperties) = preSolution
		HideSolutionNode = FALSE
	EndGlobalSection
	GlobalSection(NestedProjects) = preSolution
		{520A3907-9F8E-4C80-9F55-B41AEAB9D06A} = {827E0CD3-B72D-47B6-A68D-7590B98EB39B}
		{3C95F01C-B027-497C-BB12-5FF635FA2961} = {827E0CD3-B72D-47B6-A68D-7590B98EB39B}
		{9C3F9A79-E0D6-407F-8349-4FB0C9674960} = {827E0CD3-B72D-47B6-A68D-7590B98EB39B}
		{729C1743-216A-424E-96DB-F44F067D805E} = {827E0CD3-B72D-47B6-A68D-7590B98EB39B}
		{B26232E5-CB4B-424A-801E-80408218E06E} = {827E0CD3-B72D-47B6-A68D-7590B98EB39B}
		{48E02BFE-6172-4746-A5EC-B30F908D1F8A} = {827E0CD3-B72D-47B6-A68D-7590B98EB39B}
		{10CD8B8C-FEF4-43DD-BA1E-121774C46C4C} = {827E0CD3-B72D-47B6-A68D-7590B98EB39B}
		{DE2D81BA-B305-469A-9D63-6FE7EF99C089} = {827E0CD3-B72D-47B6-A68D-7590B98EB39B}
		{6508FC79-4F08-4930-A963-9A0B199D64DC} = {827E0CD3-B72D-47B6-A68D-7590B98EB39B}
		{EE2C8A7B-E359-4F4A-9070-66D17620153F} = {827E0CD3-B72D-47B6-A68D-7590B98EB39B}
		{2D1190F0-24F7-4BDB-ACA6-1E44B2100195} = {0AB3BF05-4346-4AA6-1389-037BE0695223}
		{FA407A1E-1820-4D2F-BE0E-6CE802A9AA30} = {0AB3BF05-4346-4AA6-1389-037BE0695223}
	EndGlobalSection
EndGlobal
